
Microsoft Visual Studio Solution File, Format Version 12.00
# Visual Studio Version 16
VisualStudioVersion = 16.0.31613.86
MinimumVisualStudioVersion = 10.0.40219.1
Project("{8BC9CEB8-8B4A-11D0-8D11-00A0C91BC942}") = "pf_week8_1_78_2", "pf_week8_1_78_2\pf_week8_1_78_2.vcxproj", "{5CD733B3-8D98-43D8-838F-293F82D2ABD3}"
EndProject
Global
	GlobalSection(SolutionConfigurationPlatforms) = preSolution
		Debug|x64 = Debug|x64
		Debug|x86 = Debug|x86
		Release|x64 = Release|x64
		Release|x86 = Release|x86
	EndGlobalSection
	GlobalSection(ProjectConfigurationPlatforms) = postSolution
		{5CD733B3-8D98-43D8-838F-293F82D2ABD3}.Debug|x64.ActiveCfg = Debug|x64
		{5CD733B3-8D98-43D8-838F-293F82D2ABD3}.Debug|x64.Build.0 = Debug|x64
		{5CD733B3-8D98-43D8-838F-293F82D2ABD3}.Debug|x86.ActiveCfg = Debug|Win32
		{5CD733B3-8D98-43D8-838F-293F82D2ABD3}.Debug|x86.Build.0 = Debug|Win32
		{5CD733B3-8D98-43D8-838F-293F82D2ABD3}.Release|x64.ActiveCfg = Release|x64
		{5CD733B3-8D98-43D8-838F-293F82D2ABD3}.Release|x64.Build.0 = Release|x64
		{5CD733B3-8D98-43D8-838F-293F82D2ABD3}.Release|x86.ActiveCfg = Release|Win32
		{5CD733B3-8D98-43D8-838F-293F82D2ABD3}.Release|x86.Build.0 = Release|Win32
	EndGlobalSection
	GlobalSection(SolutionProperties) = preSolution
		HideSolutionNode = FALSE
	EndGlobalSection
	GlobalSection(ExtensibilityGlobals) = postSolution
		SolutionGuid = {789B7B9A-96C7-425B-8209-C8431DE0A92C}
	EndGlobalSection
EndGlobal
